<?xml version="1.0" encoding="utf-8"?>
<Project ToolsVersion="4.0" xmlns="http://schemas.microsoft.com/developer/msbuild/2003">
  <ItemGroup>
    <Filter Include="Source Files">
      <UniqueIdentifier>{4FC737F1-C7A5-4376-A066-2A32D752A2FF}</UniqueIdentifier>
      <Extensions>cpp;c;cc;cxx;c++;cppm;ixx;def;odl;idl;hpj;bat;asm;asmx</Extensions>
    </Filter>
    <Filter Include="Header Files">
      <UniqueIdentifier>{93995380-89BD-4b04-88EB-625FBE52EBFB}</UniqueIdentifier>
      <Extensions>h;hh;hpp;hxx;h++;hm;inl;inc;ipp;xsd</Extensions>
    </Filter>
    <Filter Include="Resource Files">
      <UniqueIdentifier>{67DA6AB6-F800-4c08-8B7A-83BB121AAD01}</UniqueIdentifier>
      <Extensions>rc;ico;cur;bmp;dlg;rc2;rct;bin;rgs;gif;jpg;jpeg;jpe;resx;tiff;tif;png;wav;mfcribbon-ms</Extensions>
    </Filter>
    <Filter Include="Header Files\primatives">
      <UniqueIdentifier>{65b0e6b2-e803-4961-9ef3-37ed4a85df54}</UniqueIdentifier>
    </Filter>
    <Filter Include="Header Files\operators">
      <UniqueIdentifier>{19d32cb8-90aa-403f-aea6-4e6064c189a3}</UniqueIdentifier>
    </Filter>
    <Filter Include="Header Files\visitors">
      <UniqueIdentifier>{984fa5da-9f0d-4406-9618-88127c4b6232}</UniqueIdentifier>
    </Filter>
  </ItemGroup>
  <ItemGroup>
    <ClCompile Include="src\imvec.ixx">
      <Filter>Header Files</Filter>
    </ClCompile>
    <ClCompile Include="src\main.cpp">
      <Filter>Source Files</Filter>
    </ClCompile>
    <ClCompile Include="src\sdfBox.ixx">
      <Filter>Header Files\primatives</Filter>
    </ClCompile>
    <ClCompile Include="src\sdfSphere.ixx">
      <Filter>Header Files\primatives</Filter>
    </ClCompile>
    <ClCompile Include="src\sdfTorus.ixx">
      <Filter>Header Files\primatives</Filter>
    </ClCompile>
    <ClCompile Include="src\sdfCone.ixx">
      <Filter>Header Files\primatives</Filter>
    </ClCompile>
    <ClCompile Include="src\sdfIntersect.ixx">
      <Filter>Header Files\operators</Filter>
    </ClCompile>
    <ClCompile Include="src\sdfUnion.ixx">
      <Filter>Header Files\operators</Filter>
    </ClCompile>
    <ClCompile Include="src\sdfSubtract.ixx">
      <Filter>Header Files\operators</Filter>
    </ClCompile>
    <ClCompile Include="src\sdflib.ixx">
      <Filter>Header Files</Filter>
    </ClCompile>
    <ClCompile Include="src\distanceVisitor.ixx">
      <Filter>Header Files\visitors</Filter>
    </ClCompile>
    <ClCompile Include="src\AbstractNode.ixx">
      <Filter>Header Files</Filter>
    </ClCompile>
    <ClCompile Include="src\round.ixx">
      <Filter>Header Files\operators</Filter>
    </ClCompile>
    <ClCompile Include="src\move.ixx">
      <Filter>Header Files\operators</Filter>
    </ClCompile>
    <ClCompile Include="src\sdfNode.ixx">
      <Filter>Header Files</Filter>
    </ClCompile>
    <ClCompile Include="src\sdfCapsule.ixx">
      <Filter>Header Files\primatives</Filter>
    </ClCompile>
    <ClCompile Include="src\sdfCylinder.ixx">
      <Filter>Header Files\primatives</Filter>
    </ClCompile>
    <ClCompile Include="src\sdfHexPrism.ixx">
      <Filter>Header Files\primatives</Filter>
    </ClCompile>
    <ClCompile Include="src\repeat.ixx">
      <Filter>Header Files\operators</Filter>
    </ClCompile>
    <ClCompile Include="imguiVisitor.ixx">
      <Filter>Header Files\visitors</Filter>
    </ClCompile>
  </ItemGroup>
</Project>